hash: 785b977c7c2df70163c08c3125d3b0f11f7384bf8d0f488e4ff9a2af09ce3660
updated: 2020-12-22T21:07:02.030343318Z
imports:
- name: github.com/atotto/clipboard
  version: 579379fa8ff8a6d3fa979cec107f8f6d7f8fde90
- name: github.com/limetext/loaders
  version: ab38699553d3f5c6adedaf6a417f1094e85243e5
  subpackages:
  - json
  - plist
- name: github.com/limetext/log4go
  version: fcac346f72535adc85906e1c9c96083ace6b30a3
- name: github.com/limetext/rubex
  version: 06adcbb38bcc95987997894b1de33e7502bc1933
- name: github.com/limetext/text
  version: a501ee418129fedf3fdca3b0d116231dd14af26c
- name: github.com/limetext/util
  version: 20e1a4a3505f50a45c7f92456d889d899272ac14
- name: github.com/quarnster/parser
  version: 8991807ce6d383a41077a642b7b381eba1df7064
- name: github.com/rjeczalik/notify
  version: e2a77dcc14cf6732bfa4c361554f27dc696d5d79
- name: golang.org/x/sys
  version: bc327ba9c2f0f4af0623e32d37ce4b080f437c53
  subpackages:
  - internal/unsafeheader
  - unix
testImports:
- name: github.com/limetext/sublime
  version: 94683378b34b1483fb7b1980b11080595c76e238
  subpackages:
  - textmate
  - textmate/language
  - textmate/theme
