hash: 384d91eeff6f8f9d480a9a29dfde915847e53e02632a2ebb549dfee9455d116d
updated: 2020-12-22T21:50:38.995627309Z
imports:
- name: github.com/atotto/clipboard
  version: 579379fa8ff8a6d3fa979cec107f8f6d7f8fde90
- name: github.com/limetext/backend
  version: bc71ea523a8e170e8a20954e7443400bc9eb2e3f
  subpackages:
  - clipboard
  - keys
  - log
  - packages
  - parser
  - render
  - watch
- name: github.com/limetext/loaders
  version: ab38699553d3f5c6adedaf6a417f1094e85243e5
  subpackages:
  - json
  - plist
- name: github.com/limetext/log4go
  version: fcac346f72535adc85906e1c9c96083ace6b30a3
- name: github.com/limetext/rubex
  version: bcd3d9d5b6ddc4d8a7021088bdd02f042bcf917c
- name: github.com/limetext/text
  version: a501ee418129fedf3fdca3b0d116231dd14af26c
- name: github.com/limetext/util
  version: 20e1a4a3505f50a45c7f92456d889d899272ac14
- name: github.com/quarnster/parser
  version: 8991807ce6d383a41077a642b7b381eba1df7064
- name: github.com/rjeczalik/notify
  version: 69d839f37b13a8cb7a78366f7633a4071cb43be7
- name: golang.org/x/sys
  version: 98c5dad5d1a0e8a73845ecc8897d0bd56586511d
  subpackages:
  - internal/unsafeheader
  - unix
testImports:
- name: github.com/limetext/sublime
  version: 94683378b34b1483fb7b1980b11080595c76e238
  subpackages:
  - textmate
  - textmate/language
  - textmate/theme
